// !$*UTF8*$!
{
	archiveVersion = 1;
	classes = {
	};
	objectVersion = 46;
	objects = {

/* Begin PBXBuildFile section */
		4E4AD58A1D474813002BFD98 /* AppUtils.m in Sources */ = {isa = PBXBuildFile; fileRef = 4E4AD5891D474813002BFD98 /* AppUtils.m */; };
		4E4AD5A81D474DFE002BFD98 /* UIView+Extension.m in Sources */ = {isa = PBXBuildFile; fileRef = 4E4AD5A71D474DFE002BFD98 /* UIView+Extension.m */; };
		4E4AD61C1D489C93002BFD98 /* NSDateFormatter+Category.m in Sources */ = {isa = PBXBuildFile; fileRef = 4E4AD61B1D489C93002BFD98 /* NSDateFormatter+Category.m */; };
		4E4AD61F1D489CA1002BFD98 /* NSString+Valid.m in Sources */ = {isa = PBXBuildFile; fileRef = 4E4AD61E1D489CA1002BFD98 /* NSString+Valid.m */; };
		4E4AD6221D489CB7002BFD98 /* UIViewController+DismissKeyboard.m in Sources */ = {isa = PBXBuildFile; fileRef = 4E4AD6211D489CB7002BFD98 /* UIViewController+DismissKeyboard.m */; };
		4E4AD6251D489CD1002BFD98 /* UIViewController+HUD.m in Sources */ = {isa = PBXBuildFile; fileRef = 4E4AD6241D489CD1002BFD98 /* UIViewController+HUD.m */; };
		4E4AD62A1D489CE4002BFD98 /* EaseChineseToPinyin.m in Sources */ = {isa = PBXBuildFile; fileRef = 4E4AD6271D489CE4002BFD98 /* EaseChineseToPinyin.m */; };
		4E4AD62B1D489CE4002BFD98 /* EaseConvertToCommonEmoticonsHelper.m in Sources */ = {isa = PBXBuildFile; fileRef = 4E4AD6291D489CE4002BFD98 /* EaseConvertToCommonEmoticonsHelper.m */; };
		4E4AD6351D489D49002BFD98 /* EaseEmoji.m in Sources */ = {isa = PBXBuildFile; fileRef = 4E4AD62E1D489D49002BFD98 /* EaseEmoji.m */; };
		4E4AD6361D489D49002BFD98 /* EaseEmojiEmoticons.m in Sources */ = {isa = PBXBuildFile; fileRef = 4E4AD6301D489D49002BFD98 /* EaseEmojiEmoticons.m */; };
		4E4AD6371D489D49002BFD98 /* EaseEmotionEscape.m in Sources */ = {isa = PBXBuildFile; fileRef = 4E4AD6321D489D49002BFD98 /* EaseEmotionEscape.m */; };
		4E4AD6381D489D49002BFD98 /* EaseEmotionManager.m in Sources */ = {isa = PBXBuildFile; fileRef = 4E4AD6341D489D49002BFD98 /* EaseEmotionManager.m */; };
		4E4AD63E1D489E00002BFD98 /* MBProgressHUD+Add.m in Sources */ = {isa = PBXBuildFile; fileRef = 4E4AD63B1D489E00002BFD98 /* MBProgressHUD+Add.m */; };
		4E4AD63F1D489E00002BFD98 /* MBProgressHUD.m in Sources */ = {isa = PBXBuildFile; fileRef = 4E4AD63D1D489E00002BFD98 /* MBProgressHUD.m */; };
		4EBFACBC1D43764B0047DCC5 /* main.m in Sources */ = {isa = PBXBuildFile; fileRef = 4EBFACBB1D43764B0047DCC5 /* main.m */; };
		4EBFACBF1D43764B0047DCC5 /* AppDelegate.m in Sources */ = {isa = PBXBuildFile; fileRef = 4EBFACBE1D43764B0047DCC5 /* AppDelegate.m */; };
		4EBFACC21D43764B0047DCC5 /* ViewController.m in Sources */ = {isa = PBXBuildFile; fileRef = 4EBFACC11D43764B0047DCC5 /* ViewController.m */; };
		4EBFACC51D43764B0047DCC5 /* Main.storyboard in Resources */ = {isa = PBXBuildFile; fileRef = 4EBFACC31D43764B0047DCC5 /* Main.storyboard */; };
		4EBFACC71D43764B0047DCC5 /* Assets.xcassets in Resources */ = {isa = PBXBuildFile; fileRef = 4EBFACC61D43764B0047DCC5 /* Assets.xcassets */; };
		4EBFACCA1D43764B0047DCC5 /* LaunchScreen.storyboard in Resources */ = {isa = PBXBuildFile; fileRef = 4EBFACC81D43764B0047DCC5 /* LaunchScreen.storyboard */; };
/* End PBXBuildFile section */

/* Begin PBXFileReference section */
		4E4AD5881D474813002BFD98 /* AppUtils.h */ = {isa = PBXFileReference; fileEncoding = 4; lastKnownFileType = sourcecode.c.h; name = AppUtils.h; path = ../../AppUtils.h; sourceTree = "<group>"; };
		4E4AD5891D474813002BFD98 /* AppUtils.m */ = {isa = PBXFileReference; fileEncoding = 4; lastKnownFileType = sourcecode.c.objc; name = AppUtils.m; path = ../../AppUtils.m; sourceTree = "<group>"; };
		4E4AD5A61D474DFE002BFD98 /* UIView+Extension.h */ = {isa = PBXFileReference; fileEncoding = 4; lastKnownFileType = sourcecode.c.h; path = "UIView+Extension.h"; sourceTree = "<group>"; };
		4E4AD5A71D474DFE002BFD98 /* UIView+Extension.m */ = {isa = PBXFileReference; fileEncoding = 4; lastKnownFileType = sourcecode.c.objc; path = "UIView+Extension.m"; sourceTree = "<group>"; };
		4E4AD61A1D489C93002BFD98 /* NSDateFormatter+Category.h */ = {isa = PBXFileReference; fileEncoding = 4; lastKnownFileType = sourcecode.c.h; path = "NSDateFormatter+Category.h"; sourceTree = "<group>"; };
		4E4AD61B1D489C93002BFD98 /* NSDateFormatter+Category.m */ = {isa = PBXFileReference; fileEncoding = 4; lastKnownFileType = sourcecode.c.objc; path = "NSDateFormatter+Category.m"; sourceTree = "<group>"; };
		4E4AD61D1D489CA1002BFD98 /* NSString+Valid.h */ = {isa = PBXFileReference; fileEncoding = 4; lastKnownFileType = sourcecode.c.h; path = "NSString+Valid.h"; sourceTree = "<group>"; };
		4E4AD61E1D489CA1002BFD98 /* NSString+Valid.m */ = {isa = PBXFileReference; fileEncoding = 4; lastKnownFileType = sourcecode.c.objc; path = "NSString+Valid.m"; sourceTree = "<group>"; };
		4E4AD6201D489CB7002BFD98 /* UIViewController+DismissKeyboard.h */ = {isa = PBXFileReference; fileEncoding = 4; lastKnownFileType = sourcecode.c.h; path = "UIViewController+DismissKeyboard.h"; sourceTree = "<group>"; };
		4E4AD6211D489CB7002BFD98 /* UIViewController+DismissKeyboard.m */ = {isa = PBXFileReference; fileEncoding = 4; lastKnownFileType = sourcecode.c.objc; path = "UIViewController+DismissKeyboard.m"; sourceTree = "<group>"; };
		4E4AD6231D489CD1002BFD98 /* UIViewController+HUD.h */ = {isa = PBXFileReference; fileEncoding = 4; lastKnownFileType = sourcecode.c.h; path = "UIViewController+HUD.h"; sourceTree = "<group>"; };
		4E4AD6241D489CD1002BFD98 /* UIViewController+HUD.m */ = {isa = PBXFileReference; fileEncoding = 4; lastKnownFileType = sourcecode.c.objc; path = "UIViewController+HUD.m"; sourceTree = "<group>"; };
		4E4AD6261D489CE4002BFD98 /* EaseChineseToPinyin.h */ = {isa = PBXFileReference; fileEncoding = 4; lastKnownFileType = sourcecode.c.h; path = EaseChineseToPinyin.h; sourceTree = "<group>"; };
		4E4AD6271D489CE4002BFD98 /* EaseChineseToPinyin.m */ = {isa = PBXFileReference; fileEncoding = 4; lastKnownFileType = sourcecode.c.objc; path = EaseChineseToPinyin.m; sourceTree = "<group>"; };
		4E4AD6281D489CE4002BFD98 /* EaseConvertToCommonEmoticonsHelper.h */ = {isa = PBXFileReference; fileEncoding = 4; lastKnownFileType = sourcecode.c.h; path = EaseConvertToCommonEmoticonsHelper.h; sourceTree = "<group>"; };
		4E4AD6291D489CE4002BFD98 /* EaseConvertToCommonEmoticonsHelper.m */ = {isa = PBXFileReference; fileEncoding = 4; lastKnownFileType = sourcecode.c.objc; path = EaseConvertToCommonEmoticonsHelper.m; sourceTree = "<group>"; };
		4E4AD62D1D489D49002BFD98 /* EaseEmoji.h */ = {isa = PBXFileReference; fileEncoding = 4; lastKnownFileType = sourcecode.c.h; path = EaseEmoji.h; sourceTree = "<group>"; };
		4E4AD62E1D489D49002BFD98 /* EaseEmoji.m */ = {isa = PBXFileReference; fileEncoding = 4; lastKnownFileType = sourcecode.c.objc; path = EaseEmoji.m; sourceTree = "<group>"; };
		4E4AD62F1D489D49002BFD98 /* EaseEmojiEmoticons.h */ = {isa = PBXFileReference; fileEncoding = 4; lastKnownFileType = sourcecode.c.h; path = EaseEmojiEmoticons.h; sourceTree = "<group>"; };
		4E4AD6301D489D49002BFD98 /* EaseEmojiEmoticons.m */ = {isa = PBXFileReference; fileEncoding = 4; lastKnownFileType = sourcecode.c.objc; path = EaseEmojiEmoticons.m; sourceTree = "<group>"; };
		4E4AD6311D489D49002BFD98 /* EaseEmotionEscape.h */ = {isa = PBXFileReference; fileEncoding = 4; lastKnownFileType = sourcecode.c.h; path = EaseEmotionEscape.h; sourceTree = "<group>"; };
		4E4AD6321D489D49002BFD98 /* EaseEmotionEscape.m */ = {isa = PBXFileReference; fileEncoding = 4; lastKnownFileType = sourcecode.c.objc; path = EaseEmotionEscape.m; sourceTree = "<group>"; };
		4E4AD6331D489D49002BFD98 /* EaseEmotionManager.h */ = {isa = PBXFileReference; fileEncoding = 4; lastKnownFileType = sourcecode.c.h; path = EaseEmotionManager.h; sourceTree = "<group>"; };
		4E4AD6341D489D49002BFD98 /* EaseEmotionManager.m */ = {isa = PBXFileReference; fileEncoding = 4; lastKnownFileType = sourcecode.c.objc; path = EaseEmotionManager.m; sourceTree = "<group>"; };
		4E4AD63A1D489E00002BFD98 /* MBProgressHUD+Add.h */ = {isa = PBXFileReference; fileEncoding = 4; lastKnownFileType = sourcecode.c.h; path = "MBProgressHUD+Add.h"; sourceTree = "<group>"; };
		4E4AD63B1D489E00002BFD98 /* MBProgressHUD+Add.m */ = {isa = PBXFileReference; fileEncoding = 4; lastKnownFileType = sourcecode.c.objc; path = "MBProgressHUD+Add.m"; sourceTree = "<group>"; };
		4E4AD63C1D489E00002BFD98 /* MBProgressHUD.h */ = {isa = PBXFileReference; fileEncoding = 4; lastKnownFileType = sourcecode.c.h; path = MBProgressHUD.h; sourceTree = "<group>"; };
		4E4AD63D1D489E00002BFD98 /* MBProgressHUD.m */ = {isa = PBXFileReference; fileEncoding = 4; lastKnownFileType = sourcecode.c.objc; path = MBProgressHUD.m; sourceTree = "<group>"; };
		4EBFACB71D43764B0047DCC5 /* WBSUtilsDemo.app */ = {isa = PBXFileReference; explicitFileType = wrapper.application; includeInIndex = 0; path = WBSUtilsDemo.app; sourceTree = BUILT_PRODUCTS_DIR; };
		4EBFACBB1D43764B0047DCC5 /* main.m */ = {isa = PBXFileReference; lastKnownFileType = sourcecode.c.objc; path = main.m; sourceTree = "<group>"; };
		4EBFACBD1D43764B0047DCC5 /* AppDelegate.h */ = {isa = PBXFileReference; lastKnownFileType = sourcecode.c.h; path = AppDelegate.h; sourceTree = "<group>"; };
		4EBFACBE1D43764B0047DCC5 /* AppDelegate.m */ = {isa = PBXFileReference; lastKnownFileType = sourcecode.c.objc; path = AppDelegate.m; sourceTree = "<group>"; };
		4EBFACC01D43764B0047DCC5 /* ViewController.h */ = {isa = PBXFileReference; lastKnownFileType = sourcecode.c.h; path = ViewController.h; sourceTree = "<group>"; };
		4EBFACC11D43764B0047DCC5 /* ViewController.m */ = {isa = PBXFileReference; lastKnownFileType = sourcecode.c.objc; path = ViewController.m; sourceTree = "<group>"; };
		4EBFACC41D43764B0047DCC5 /* Base */ = {isa = PBXFileReference; lastKnownFileType = file.storyboard; name = Base; path = Base.lproj/Main.storyboard; sourceTree = "<group>"; };
		4EBFACC61D43764B0047DCC5 /* Assets.xcassets */ = {isa = PBXFileReference; lastKnownFileType = folder.assetcatalog; path = Assets.xcassets; sourceTree = "<group>"; };
		4EBFACC91D43764B0047DCC5 /* Base */ = {isa = PBXFileReference; lastKnownFileType = file.storyboard; name = Base; path = Base.lproj/LaunchScreen.storyboard; sourceTree = "<group>"; };
		4EBFACCB1D43764B0047DCC5 /* Info.plist */ = {isa = PBXFileReference; lastKnownFileType = text.plist.xml; path = Info.plist; sourceTree = "<group>"; };
		4EBFACD21D4376F30047DCC5 /* PrefixHeader.pch */ = {isa = PBXFileReference; lastKnownFileType = sourcecode.c.h; path = PrefixHeader.pch; sourceTree = "<group>"; };
/* End PBXFileReference section */

/* Begin PBXFrameworksBuildPhase section */
		4EBFACB41D43764B0047DCC5 /* Frameworks */ = {
			isa = PBXFrameworksBuildPhase;
			buildActionMask = 2147483647;
			files = (
			);
			runOnlyForDeploymentPostprocessing = 0;
		};
/* End PBXFrameworksBuildPhase section */

/* Begin PBXGroup section */
		4E4AD5871D474765002BFD98 /* WBSUtils */ = {
			isa = PBXGroup;
			children = (
				4E4AD5881D474813002BFD98 /* AppUtils.h */,
				4E4AD5891D474813002BFD98 /* AppUtils.m */,
				4E4AD5A61D474DFE002BFD98 /* UIView+Extension.h */,
				4E4AD5A71D474DFE002BFD98 /* UIView+Extension.m */,
				4E4AD6261D489CE4002BFD98 /* EaseChineseToPinyin.h */,
				4E4AD6271D489CE4002BFD98 /* EaseChineseToPinyin.m */,
				4E4AD6281D489CE4002BFD98 /* EaseConvertToCommonEmoticonsHelper.h */,
				4E4AD6291D489CE4002BFD98 /* EaseConvertToCommonEmoticonsHelper.m */,
				4E4AD6231D489CD1002BFD98 /* UIViewController+HUD.h */,
				4E4AD6241D489CD1002BFD98 /* UIViewController+HUD.m */,
				4E4AD6201D489CB7002BFD98 /* UIViewController+DismissKeyboard.h */,
				4E4AD6211D489CB7002BFD98 /* UIViewController+DismissKeyboard.m */,
				4E4AD61D1D489CA1002BFD98 /* NSString+Valid.h */,
				4E4AD61E1D489CA1002BFD98 /* NSString+Valid.m */,
				4E4AD61A1D489C93002BFD98 /* NSDateFormatter+Category.h */,
				4E4AD61B1D489C93002BFD98 /* NSDateFormatter+Category.m */,
			);
			path = WBSUtils;
			sourceTree = "<group>";
		};
		4E4AD5981D4748A7002BFD98 /* Lib库 */ = {
			isa = PBXGroup;
			children = (
				4E4AD6391D489E00002BFD98 /* MBProgressHUD */,
				4E4AD62C1D489D49002BFD98 /* Emoji */,
			);
			name = "Lib库";
			path = "WBSUtils/Lib库";
			sourceTree = "<group>";
		};
		4E4AD62C1D489D49002BFD98 /* Emoji */ = {
			isa = PBXGroup;
			children = (
				4E4AD62D1D489D49002BFD98 /* EaseEmoji.h */,
				4E4AD62E1D489D49002BFD98 /* EaseEmoji.m */,
				4E4AD62F1D489D49002BFD98 /* EaseEmojiEmoticons.h */,
				4E4AD6301D489D49002BFD98 /* EaseEmojiEmoticons.m */,
				4E4AD6311D489D49002BFD98 /* EaseEmotionEscape.h */,
				4E4AD6321D489D49002BFD98 /* EaseEmotionEscape.m */,
				4E4AD6331D489D49002BFD98 /* EaseEmotionManager.h */,
				4E4AD6341D489D49002BFD98 /* EaseEmotionManager.m */,
			);
			name = Emoji;
			path = ../Emoji;
			sourceTree = "<group>";
		};
		4E4AD6391D489E00002BFD98 /* MBProgressHUD */ = {
			isa = PBXGroup;
			children = (
				4E4AD63A1D489E00002BFD98 /* MBProgressHUD+Add.h */,
				4E4AD63B1D489E00002BFD98 /* MBProgressHUD+Add.m */,
				4E4AD63C1D489E00002BFD98 /* MBProgressHUD.h */,
				4E4AD63D1D489E00002BFD98 /* MBProgressHUD.m */,
			);
			path = MBProgressHUD;
			sourceTree = "<group>";
		};
		4EBFACAE1D43764B0047DCC5 = {
			isa = PBXGroup;
			children = (
				4EBFACB91D43764B0047DCC5 /* WBSUtilsDemo */,
				4EBFACB81D43764B0047DCC5 /* Products */,
			);
			sourceTree = "<group>";
		};
		4EBFACB81D43764B0047DCC5 /* Products */ = {
			isa = PBXGroup;
			children = (
				4EBFACB71D43764B0047DCC5 /* WBSUtilsDemo.app */,
			);
			name = Products;
			sourceTree = "<group>";
		};
		4EBFACB91D43764B0047DCC5 /* WBSUtilsDemo */ = {
			isa = PBXGroup;
			children = (
				4E4AD5871D474765002BFD98 /* WBSUtils */,
				4EBFACC01D43764B0047DCC5 /* ViewController.h */,
				4EBFACC11D43764B0047DCC5 /* ViewController.m */,
				4EBFACC31D43764B0047DCC5 /* Main.storyboard */,
				4E4AD5981D4748A7002BFD98 /* Lib库 */,
				4EBFACBA1D43764B0047DCC5 /* Supporting Files */,
			);
			path = WBSUtilsDemo;
			sourceTree = "<group>";
		};
		4EBFACBA1D43764B0047DCC5 /* Supporting Files */ = {
			isa = PBXGroup;
			children = (
				4EBFACBD1D43764B0047DCC5 /* AppDelegate.h */,
				4EBFACBE1D43764B0047DCC5 /* AppDelegate.m */,
				4EBFACBB1D43764B0047DCC5 /* main.m */,
				4EBFACC61D43764B0047DCC5 /* Assets.xcassets */,
				4EBFACC81D43764B0047DCC5 /* LaunchScreen.storyboard */,
				4EBFACCB1D43764B0047DCC5 /* Info.plist */,
				4EBFACD21D4376F30047DCC5 /* PrefixHeader.pch */,
			);
			name = "Supporting Files";
			sourceTree = "<group>";
		};
/* End PBXGroup section */

/* Begin PBXNativeTarget section */
		4EBFACB61D43764B0047DCC5 /* WBSUtilsDemo */ = {
			isa = PBXNativeTarget;
			buildConfigurationList = 4EBFACCE1D43764B0047DCC5 /* Build configuration list for PBXNativeTarget "WBSUtilsDemo" */;
			buildPhases = (
				4EBFACB31D43764B0047DCC5 /* Sources */,
				4EBFACB41D43764B0047DCC5 /* Frameworks */,
				4EBFACB51D43764B0047DCC5 /* Resources */,
			);
			buildRules = (
			);
			dependencies = (
			);
			name = WBSUtilsDemo;
			productName = WBSUtilsDemo;
			productReference = 4EBFACB71D43764B0047DCC5 /* WBSUtilsDemo.app */;
			productType = "com.apple.product-type.application";
		};
/* End PBXNativeTarget section */

/* Begin PBXProject section */
		4EBFACAF1D43764B0047DCC5 /* Project object */ = {
			isa = PBXProject;
			attributes = {
				LastUpgradeCheck = 0720;
				ORGANIZATIONNAME = Weberson;
				TargetAttributes = {
					4EBFACB61D43764B0047DCC5 = {
						CreatedOnToolsVersion = 7.2.1;
						DevelopmentTeam = 6XB2PBHRRB;
					};
				};
			};
			buildConfigurationList = 4EBFACB21D43764B0047DCC5 /* Build configuration list for PBXProject "WBSUtilsDemo" */;
			compatibilityVersion = "Xcode 3.2";
			developmentRegion = English;
			hasScannedForEncodings = 0;
			knownRegions = (
				en,
				Base,
			);
			mainGroup = 4EBFACAE1D43764B0047DCC5;
			productRefGroup = 4EBFACB81D43764B0047DCC5 /* Products */;
			projectDirPath = "";
			projectRoot = "";
			targets = (
				4EBFACB61D43764B0047DCC5 /* WBSUtilsDemo */,
			);
		};
/* End PBXProject section */

/* Begin PBXResourcesBuildPhase section */
		4EBFACB51D43764B0047DCC5 /* Resources */ = {
			isa = PBXResourcesBuildPhase;
			buildActionMask = 2147483647;
			files = (
				4EBFACCA1D43764B0047DCC5 /* LaunchScreen.storyboard in Resources */,
				4EBFACC71D43764B0047DCC5 /* Assets.xcassets in Resources */,
				4EBFACC51D43764B0047DCC5 /* Main.storyboard in Resources */,
			);
			runOnlyForDeploymentPostprocessing = 0;
		};
/* End PBXResourcesBuildPhase section */

/* Begin PBXSourcesBuildPhase section */
		4EBFACB31D43764B0047DCC5 /* Sources */ = {
			isa = PBXSourcesBuildPhase;
			buildActionMask = 2147483647;
			files = (
				4EBFACC21D43764B0047DCC5 /* ViewController.m in Sources */,
				4E4AD61C1D489C93002BFD98 /* NSDateFormatter+Category.m in Sources */,
				4E4AD6361D489D49002BFD98 /* EaseEmojiEmoticons.m in Sources */,
				4E4AD62A1D489CE4002BFD98 /* EaseChineseToPinyin.m in Sources */,
				4E4AD6221D489CB7002BFD98 /* UIViewController+DismissKeyboard.m in Sources */,
				4E4AD62B1D489CE4002BFD98 /* EaseConvertToCommonEmoticonsHelper.m in Sources */,
				4EBFACBF1D43764B0047DCC5 /* AppDelegate.m in Sources */,
				4E4AD63F1D489E00002BFD98 /* MBProgressHUD.m in Sources */,
				4E4AD63E1D489E00002BFD98 /* MBProgressHUD+Add.m in Sources */,
				4E4AD61F1D489CA1002BFD98 /* NSString+Valid.m in Sources */,
				4E4AD6371D489D49002BFD98 /* EaseEmotionEscape.m in Sources */,
				4E4AD6351D489D49002BFD98 /* EaseEmoji.m in Sources */,
				4E4AD6251D489CD1002BFD98 /* UIViewController+HUD.m in Sources */,
				4EBFACBC1D43764B0047DCC5 /* main.m in Sources */,
				4E4AD58A1D474813002BFD98 /* AppUtils.m in Sources */,
				4E4AD6381D489D49002BFD98 /* EaseEmotionManager.m in Sources */,
				4E4AD5A81D474DFE002BFD98 /* UIView+Extension.m in Sources */,
			);
			runOnlyForDeploymentPostprocessing = 0;
		};
/* End PBXSourcesBuildPhase section */

/* Begin PBXVariantGroup section */
		4EBFACC31D43764B0047DCC5 /* Main.storyboard */ = {
			isa = PBXVariantGroup;
			children = (
				4EBFACC41D43764B0047DCC5 /* Base */,
			);
			name = Main.storyboard;
			sourceTree = "<group>";
		};
		4EBFACC81D43764B0047DCC5 /* LaunchScreen.storyboard */ = {
			isa = PBXVariantGroup;
			children = (
				4EBFACC91D43764B0047DCC5 /* Base */,
			);
			name = LaunchScreen.storyboard;
			sourceTree = "<group>";
		};
/* End PBXVariantGroup section */

/* Begin XCBuildConfiguration section */
		4EBFACCC1D43764B0047DCC5 /* Debug */ = {
			isa = XCBuildConfiguration;
			buildSettings = {
				ALWAYS_SEARCH_USER_PATHS = NO;
				CLANG_CXX_LANGUAGE_STANDARD = "gnu++0x";
				CLANG_CXX_LIBRARY = "libc++";
				CLANG_ENABLE_MODULES = YES;
				CLANG_ENABLE_OBJC_ARC = YES;
				CLANG_WARN_BOOL_CONVERSION = YES;
				CLANG_WARN_CONSTANT_CONVERSION = YES;
				CLANG_WARN_DIRECT_OBJC_ISA_USAGE = YES_ERROR;
				CLANG_WARN_EMPTY_BODY = YES;
				CLANG_WARN_ENUM_CONVERSION = YES;
				CLANG_WARN_INT_CONVERSION = YES;
				CLANG_WARN_OBJC_ROOT_CLASS = YES_ERROR;
				CLANG_WARN_UNREACHABLE_CODE = YES;
				CLANG_WARN__DUPLICATE_METHOD_MATCH = YES;
				"CODE_SIGN_IDENTITY[sdk=iphoneos*]" = "iPhone Developer";
				COPY_PHASE_STRIP = NO;
				DEBUG_INFORMATION_FORMAT = dwarf;
				ENABLE_STRICT_OBJC_MSGSEND = YES;
				ENABLE_TESTABILITY = YES;
				GCC_C_LANGUAGE_STANDARD = gnu99;
				GCC_DYNAMIC_NO_PIC = NO;
				GCC_NO_COMMON_BLOCKS = YES;
				GCC_OPTIMIZATION_LEVEL = 0;
				GCC_PREPROCESSOR_DEFINITIONS = (
					"DEBUG=1",
					"$(inherited)",
				);
				GCC_WARN_64_TO_32_BIT_CONVERSION = YES;
				GCC_WARN_ABOUT_RETURN_TYPE = YES_ERROR;
				GCC_WARN_UNDECLARED_SELECTOR = YES;
				GCC_WARN_UNINITIALIZED_AUTOS = YES_AGGRESSIVE;
				GCC_WARN_UNUSED_FUNCTION = YES;
				GCC_WARN_UNUSED_VARIABLE = YES;
				IPHONEOS_DEPLOYMENT_TARGET = 9.2;
				MTL_ENABLE_DEBUG_INFO = YES;
				ONLY_ACTIVE_ARCH = YES;
				SDKROOT = iphoneos;
			};
			name = Debug;
		};
		4EBFACCD1D43764B0047DCC5 /* Release */ = {
			isa = XCBuildConfiguration;
			buildSettings = {
				ALWAYS_SEARCH_USER_PATHS = NO;
				CLANG_CXX_LANGUAGE_STANDARD = "gnu++0x";
				CLANG_CXX_LIBRARY = "libc++";
				CLANG_ENABLE_MODULES = YES;
				CLANG_ENABLE_OBJC_ARC = YES;
				CLANG_WARN_BOOL_CONVERSION = YES;
				CLANG_WARN_CONSTANT_CONVERSION = YES;
				CLANG_WARN_DIRECT_OBJC_ISA_USAGE = YES_ERROR;
				CLANG_WARN_EMPTY_BODY = YES;
				CLANG_WARN_ENUM_CONVERSION = YES;
				CLANG_WARN_INT_CONVERSION = YES;
				CLANG_WARN_OBJC_ROOT_CLASS = YES_ERROR;
				CLANG_WARN_UNREACHABLE_CODE = YES;
				CLANG_WARN__DUPLICATE_METHOD_MATCH = YES;
				"CODE_SIGN_IDENTITY[sdk=iphoneos*]" = "iPhone Developer";
				COPY_PHASE_STRIP = NO;
				DEBUG_INFORMATION_FORMAT = "dwarf-with-dsym";
				ENABLE_NS_ASSERTIONS = NO;
				ENABLE_STRICT_OBJC_MSGSEND = YES;
				GCC_C_LANGUAGE_STANDARD = gnu99;
				GCC_NO_COMMON_BLOCKS = YES;
				GCC_WARN_64_TO_32_BIT_CONVERSION = YES;
				GCC_WARN_ABOUT_RETURN_TYPE = YES_ERROR;
				GCC_WARN_UNDECLARED_SELECTOR = YES;
				GCC_WARN_UNINITIALIZED_AUTOS = YES_AGGRESSIVE;
				GCC_WARN_UNUSED_FUNCTION = YES;
				GCC_WARN_UNUSED_VARIABLE = YES;
				IPHONEOS_DEPLOYMENT_TARGET = 9.2;
				MTL_ENABLE_DEBUG_INFO = NO;
				SDKROOT = iphoneos;
				VALIDATE_PRODUCT = YES;
			};
			name = Release;
		};
		4EBFACCF1D43764B0047DCC5 /* Debug */ = {
			isa = XCBuildConfiguration;
			buildSettings = {
				ASSETCATALOG_COMPILER_APPICON_NAME = AppIcon;
				DEVELOPMENT_TEAM = 6XB2PBHRRB;
				GCC_PRECOMPILE_PREFIX_HEADER = NO;
				GCC_PREFIX_HEADER = ./WBSUtilsDemo/PrefixHeader.pch;
				INFOPLIST_FILE = WBSUtilsDemo/Info.plist;
				LD_RUNPATH_SEARCH_PATHS = "$(inherited) @executable_path/Frameworks";
				PRODUCT_BUNDLE_IDENTIFIER = com.516680.www;
				PRODUCT_NAME = "$(TARGET_NAME)";
			};
			name = Debug;
		};
		4EBFACD01D43764B0047DCC5 /* Release */ = {
			isa = XCBuildConfiguration;
			buildSettings = {
				ASSETCATALOG_COMPILER_APPICON_NAME = AppIcon;
				DEVELOPMENT_TEAM = 6XB2PBHRRB;
				GCC_PRECOMPILE_PREFIX_HEADER = NO;
				GCC_PREFIX_HEADER = ./WBSUtilsDemo/PrefixHeader.pch;
				INFOPLIST_FILE = WBSUtilsDemo/Info.plist;
				LD_RUNPATH_SEARCH_PATHS = "$(inherited) @executable_path/Frameworks";
				PRODUCT_BUNDLE_IDENTIFIER = com.516680.www;
				PRODUCT_NAME = "$(TARGET_NAME)";
			};
			name = Release;
		};
/* End XCBuildConfiguration section */

/* Begin XCConfigurationList section */
		4EBFACB21D43764B0047DCC5 /* Build configuration list for PBXProject "WBSUtilsDemo" */ = {
			isa = XCConfigurationList;
			buildConfigurations = (
				4EBFACCC1D43764B0047DCC5 /* Debug */,
				4EBFACCD1D43764B0047DCC5 /* Release */,
			);
			defaultConfigurationIsVisible = 0;
			defaultConfigurationName = Release;
		};
		4EBFACCE1D43764B0047DCC5 /* Build configuration list for PBXNativeTarget "WBSUtilsDemo" */ = {
			isa = XCConfigurationList;
			buildConfigurations = (
				4EBFACCF1D43764B0047DCC5 /* Debug */,
				4EBFACD01D43764B0047DCC5 /* Release */,
			);
			defaultConfigurationIsVisible = 0;
			defaultConfigurationName = Release;
		};
/* End XCConfigurationList section */
	};
	rootObject = 4EBFACAF1D43764B0047DCC5 /* Project object */;
}
