// !$*UTF8*$!
{
	archiveVersion = 1;
	classes = {
	};
	objectVersion = 46;
	objects = {

/* Begin PBXBuildFile section */
		4EBFACBC1D43764B0047DCC5 /* main.m in Sources */ = {isa = PBXBuildFile; fileRef = 4EBFACBB1D43764B0047DCC5 /* main.m */; };
		4EBFACBF1D43764B0047DCC5 /* AppDelegate.m in Sources */ = {isa = PBXBuildFile; fileRef = 4EBFACBE1D43764B0047DCC5 /* AppDelegate.m */; };
		4EBFACC21D43764B0047DCC5 /* ViewController.m in Sources */ = {isa = PBXBuildFile; fileRef = 4EBFACC11D43764B0047DCC5 /* ViewController.m */; };
		4EBFACC51D43764B0047DCC5 /* Main.storyboard in Resources */ = {isa = PBXBuildFile; fileRef = 4EBFACC31D43764B0047DCC5 /* Main.storyboard */; };
		4EBFACC71D43764B0047DCC5 /* Assets.xcassets in Resources */ = {isa = PBXBuildFile; fileRef = 4EBFACC61D43764B0047DCC5 /* Assets.xcassets */; };
		4EBFACCA1D43764B0047DCC5 /* LaunchScreen.storyboard in Resources */ = {isa = PBXBuildFile; fileRef = 4EBFACC81D43764B0047DCC5 /* LaunchScreen.storyboard */; };
		70D2566325E0C75600184418 /* AppUtils.m in Sources */ = {isa = PBXBuildFile; fileRef = 70D255D025E0C75600184418 /* AppUtils.m */; };
		70D2566425E0C75600184418 /* WBSHardware.m in Sources */ = {isa = PBXBuildFile; fileRef = 70D255D125E0C75600184418 /* WBSHardware.m */; };
		70D2566525E0C75600184418 /* NSString+Valid.m in Sources */ = {isa = PBXBuildFile; fileRef = 70D255D225E0C75600184418 /* NSString+Valid.m */; };
		70D2566625E0C75600184418 /* EaseConvertToCommonEmoticonsHelper.m in Sources */ = {isa = PBXBuildFile; fileRef = 70D255D525E0C75600184418 /* EaseConvertToCommonEmoticonsHelper.m */; };
		70D2566725E0C75600184418 /* EaseChineseToPinyin.m in Sources */ = {isa = PBXBuildFile; fileRef = 70D255D625E0C75600184418 /* EaseChineseToPinyin.m */; };
		70D2566825E0C75600184418 /* EaseEmoji.m in Sources */ = {isa = PBXBuildFile; fileRef = 70D255DB25E0C75600184418 /* EaseEmoji.m */; };
		70D2566925E0C75600184418 /* EaseEmotionEscape.m in Sources */ = {isa = PBXBuildFile; fileRef = 70D255DC25E0C75600184418 /* EaseEmotionEscape.m */; };
		70D2566A25E0C75600184418 /* EaseEmojiEmoticons.m in Sources */ = {isa = PBXBuildFile; fileRef = 70D255DD25E0C75600184418 /* EaseEmojiEmoticons.m */; };
		70D2566B25E0C75600184418 /* EaseEmotionManager.m in Sources */ = {isa = PBXBuildFile; fileRef = 70D255DF25E0C75600184418 /* EaseEmotionManager.m */; };
		70D2566C25E0C75600184418 /* SVRadialGradientLayer.m in Sources */ = {isa = PBXBuildFile; fileRef = 70D255E125E0C75600184418 /* SVRadialGradientLayer.m */; };
		70D2566D25E0C75600184418 /* SVProgressHUD.m in Sources */ = {isa = PBXBuildFile; fileRef = 70D255E625E0C75600184418 /* SVProgressHUD.m */; };
		70D2566E25E0C75600184418 /* SVIndefiniteAnimatedView.m in Sources */ = {isa = PBXBuildFile; fileRef = 70D255E725E0C75600184418 /* SVIndefiniteAnimatedView.m */; };
		70D2566F25E0C75600184418 /* SVProgressHUD.bundle in Resources */ = {isa = PBXBuildFile; fileRef = 70D255E825E0C75600184418 /* SVProgressHUD.bundle */; };
		70D2567025E0C75600184418 /* UIViewController+DismissKeyboard.m in Sources */ = {isa = PBXBuildFile; fileRef = 70D255EC25E0C75600184418 /* UIViewController+DismissKeyboard.m */; };
		70D2567125E0C75600184418 /* NSDateFormatter+Category.m in Sources */ = {isa = PBXBuildFile; fileRef = 70D255ED25E0C75600184418 /* NSDateFormatter+Category.m */; };
		70D2567225E0C75600184418 /* UIView+Extension.m in Sources */ = {isa = PBXBuildFile; fileRef = 70D255F025E0C75600184418 /* UIView+Extension.m */; };
		70D2567325E0C75600184418 /* YYSpriteSheetImage.m in Sources */ = {isa = PBXBuildFile; fileRef = 70D255F625E0C75600184418 /* YYSpriteSheetImage.m */; };
		70D2567425E0C75600184418 /* YYImage.m in Sources */ = {isa = PBXBuildFile; fileRef = 70D255F825E0C75600184418 /* YYImage.m */; };
		70D2567525E0C75600184418 /* YYImageCoder.m in Sources */ = {isa = PBXBuildFile; fileRef = 70D255F925E0C75600184418 /* YYImageCoder.m */; };
		70D2567625E0C75600184418 /* YYFrameImage.m in Sources */ = {isa = PBXBuildFile; fileRef = 70D255FA25E0C75600184418 /* YYFrameImage.m */; };
		70D2567725E0C75600184418 /* YYAnimatedImageView.m in Sources */ = {isa = PBXBuildFile; fileRef = 70D255FB25E0C75600184418 /* YYAnimatedImageView.m */; };
		70D2567825E0C75600184418 /* YYImage.podspec in Resources */ = {isa = PBXBuildFile; fileRef = 70D255FD25E0C75600184418 /* YYImage.podspec */; };
		70D2567B25E0C75600184418 /* WebP.framework in Frameworks */ = {isa = PBXBuildFile; fileRef = 70D2560125E0C75600184418 /* WebP.framework */; };
		70D2567C25E0C75600184418 /* WebP.sh in Resources */ = {isa = PBXBuildFile; fileRef = 70D2560225E0C75600184418 /* WebP.sh */; };
		F872077E549F62A860DF2DA5 /* Pods_UtilsDemo.framework in Frameworks */ = {isa = PBXBuildFile; fileRef = 768E86545A5E15CEAE7BDFC9 /* Pods_UtilsDemo.framework */; };
/* End PBXBuildFile section */

/* Begin PBXFileReference section */
		284D4BBC6173F19BE2F51A6F /* Pods-UtilsDemo.release.xcconfig */ = {isa = PBXFileReference; includeInIndex = 1; lastKnownFileType = text.xcconfig; name = "Pods-UtilsDemo.release.xcconfig"; path = "Target Support Files/Pods-UtilsDemo/Pods-UtilsDemo.release.xcconfig"; sourceTree = "<group>"; };
		4EBFACB71D43764B0047DCC5 /* UtilsDemo.app */ = {isa = PBXFileReference; explicitFileType = wrapper.application; includeInIndex = 0; path = UtilsDemo.app; sourceTree = BUILT_PRODUCTS_DIR; };
		4EBFACBB1D43764B0047DCC5 /* main.m */ = {isa = PBXFileReference; lastKnownFileType = sourcecode.c.objc; path = main.m; sourceTree = "<group>"; };
		4EBFACBD1D43764B0047DCC5 /* AppDelegate.h */ = {isa = PBXFileReference; lastKnownFileType = sourcecode.c.h; path = AppDelegate.h; sourceTree = "<group>"; };
		4EBFACBE1D43764B0047DCC5 /* AppDelegate.m */ = {isa = PBXFileReference; lastKnownFileType = sourcecode.c.objc; path = AppDelegate.m; sourceTree = "<group>"; };
		4EBFACC01D43764B0047DCC5 /* ViewController.h */ = {isa = PBXFileReference; lastKnownFileType = sourcecode.c.h; path = ViewController.h; sourceTree = "<group>"; };
		4EBFACC11D43764B0047DCC5 /* ViewController.m */ = {isa = PBXFileReference; lastKnownFileType = sourcecode.c.objc; path = ViewController.m; sourceTree = "<group>"; };
		4EBFACC41D43764B0047DCC5 /* Base */ = {isa = PBXFileReference; lastKnownFileType = file.storyboard; name = Base; path = Base.lproj/Main.storyboard; sourceTree = "<group>"; };
		4EBFACC61D43764B0047DCC5 /* Assets.xcassets */ = {isa = PBXFileReference; lastKnownFileType = folder.assetcatalog; path = Assets.xcassets; sourceTree = "<group>"; };
		4EBFACC91D43764B0047DCC5 /* Base */ = {isa = PBXFileReference; lastKnownFileType = file.storyboard; name = Base; path = Base.lproj/LaunchScreen.storyboard; sourceTree = "<group>"; };
		4EBFACCB1D43764B0047DCC5 /* Info.plist */ = {isa = PBXFileReference; lastKnownFileType = text.plist.xml; path = Info.plist; sourceTree = "<group>"; };
		4EBFACD21D4376F30047DCC5 /* PrefixHeader.pch */ = {isa = PBXFileReference; lastKnownFileType = sourcecode.c.h; path = PrefixHeader.pch; sourceTree = "<group>"; };
		70D255CF25E0C75600184418 /* UIViewController+DismissKeyboard.h */ = {isa = PBXFileReference; fileEncoding = 4; lastKnownFileType = sourcecode.c.h; path = "UIViewController+DismissKeyboard.h"; sourceTree = "<group>"; };
		70D255D025E0C75600184418 /* AppUtils.m */ = {isa = PBXFileReference; fileEncoding = 4; lastKnownFileType = sourcecode.c.objc; path = AppUtils.m; sourceTree = "<group>"; };
		70D255D125E0C75600184418 /* WBSHardware.m */ = {isa = PBXFileReference; fileEncoding = 4; lastKnownFileType = sourcecode.c.objc; path = WBSHardware.m; sourceTree = "<group>"; };
		70D255D225E0C75600184418 /* NSString+Valid.m */ = {isa = PBXFileReference; fileEncoding = 4; lastKnownFileType = sourcecode.c.objc; path = "NSString+Valid.m"; sourceTree = "<group>"; };
		70D255D325E0C75600184418 /* NSDateFormatter+Category.h */ = {isa = PBXFileReference; fileEncoding = 4; lastKnownFileType = sourcecode.c.h; path = "NSDateFormatter+Category.h"; sourceTree = "<group>"; };
		70D255D425E0C75600184418 /* UIView+Extension.h */ = {isa = PBXFileReference; fileEncoding = 4; lastKnownFileType = sourcecode.c.h; path = "UIView+Extension.h"; sourceTree = "<group>"; };
		70D255D525E0C75600184418 /* EaseConvertToCommonEmoticonsHelper.m */ = {isa = PBXFileReference; fileEncoding = 4; lastKnownFileType = sourcecode.c.objc; path = EaseConvertToCommonEmoticonsHelper.m; sourceTree = "<group>"; };
		70D255D625E0C75600184418 /* EaseChineseToPinyin.m */ = {isa = PBXFileReference; fileEncoding = 4; lastKnownFileType = sourcecode.c.objc; path = EaseChineseToPinyin.m; sourceTree = "<group>"; };
		70D255D825E0C75600184418 /* EaseEmojiEmoticons.h */ = {isa = PBXFileReference; fileEncoding = 4; lastKnownFileType = sourcecode.c.h; path = EaseEmojiEmoticons.h; sourceTree = "<group>"; };
		70D255D925E0C75600184418 /* EaseEmotionEscape.h */ = {isa = PBXFileReference; fileEncoding = 4; lastKnownFileType = sourcecode.c.h; path = EaseEmotionEscape.h; sourceTree = "<group>"; };
		70D255DA25E0C75600184418 /* EaseEmotionManager.h */ = {isa = PBXFileReference; fileEncoding = 4; lastKnownFileType = sourcecode.c.h; path = EaseEmotionManager.h; sourceTree = "<group>"; };
		70D255DB25E0C75600184418 /* EaseEmoji.m */ = {isa = PBXFileReference; fileEncoding = 4; lastKnownFileType = sourcecode.c.objc; path = EaseEmoji.m; sourceTree = "<group>"; };
		70D255DC25E0C75600184418 /* EaseEmotionEscape.m */ = {isa = PBXFileReference; fileEncoding = 4; lastKnownFileType = sourcecode.c.objc; path = EaseEmotionEscape.m; sourceTree = "<group>"; };
		70D255DD25E0C75600184418 /* EaseEmojiEmoticons.m */ = {isa = PBXFileReference; fileEncoding = 4; lastKnownFileType = sourcecode.c.objc; path = EaseEmojiEmoticons.m; sourceTree = "<group>"; };
		70D255DE25E0C75600184418 /* EaseEmoji.h */ = {isa = PBXFileReference; fileEncoding = 4; lastKnownFileType = sourcecode.c.h; path = EaseEmoji.h; sourceTree = "<group>"; };
		70D255DF25E0C75600184418 /* EaseEmotionManager.m */ = {isa = PBXFileReference; fileEncoding = 4; lastKnownFileType = sourcecode.c.objc; path = EaseEmotionManager.m; sourceTree = "<group>"; };
		70D255E125E0C75600184418 /* SVRadialGradientLayer.m */ = {isa = PBXFileReference; fileEncoding = 4; lastKnownFileType = sourcecode.c.objc; path = SVRadialGradientLayer.m; sourceTree = "<group>"; };
		70D255E225E0C75600184418 /* SVIndefiniteAnimatedView.h */ = {isa = PBXFileReference; fileEncoding = 4; lastKnownFileType = sourcecode.c.h; path = SVIndefiniteAnimatedView.h; sourceTree = "<group>"; };
		70D255E325E0C75600184418 /* SVProgressHUD.h */ = {isa = PBXFileReference; fileEncoding = 4; lastKnownFileType = sourcecode.c.h; path = SVProgressHUD.h; sourceTree = "<group>"; };
		70D255E425E0C75600184418 /* SVProgressHUD-Prefix.pch */ = {isa = PBXFileReference; fileEncoding = 4; lastKnownFileType = sourcecode.c.h; path = "SVProgressHUD-Prefix.pch"; sourceTree = "<group>"; };
		70D255E525E0C75600184418 /* SVRadialGradientLayer.h */ = {isa = PBXFileReference; fileEncoding = 4; lastKnownFileType = sourcecode.c.h; path = SVRadialGradientLayer.h; sourceTree = "<group>"; };
		70D255E625E0C75600184418 /* SVProgressHUD.m */ = {isa = PBXFileReference; fileEncoding = 4; lastKnownFileType = sourcecode.c.objc; path = SVProgressHUD.m; sourceTree = "<group>"; };
		70D255E725E0C75600184418 /* SVIndefiniteAnimatedView.m */ = {isa = PBXFileReference; fileEncoding = 4; lastKnownFileType = sourcecode.c.objc; path = SVIndefiniteAnimatedView.m; sourceTree = "<group>"; };
		70D255E825E0C75600184418 /* SVProgressHUD.bundle */ = {isa = PBXFileReference; lastKnownFileType = "wrapper.plug-in"; path = SVProgressHUD.bundle; sourceTree = "<group>"; };
		70D255E925E0C75600184418 /* NSString+Valid.h */ = {isa = PBXFileReference; fileEncoding = 4; lastKnownFileType = sourcecode.c.h; path = "NSString+Valid.h"; sourceTree = "<group>"; };
		70D255EA25E0C75600184418 /* WBSHardware.h */ = {isa = PBXFileReference; fileEncoding = 4; lastKnownFileType = sourcecode.c.h; path = WBSHardware.h; sourceTree = "<group>"; };
		70D255EB25E0C75600184418 /* AppUtils.h */ = {isa = PBXFileReference; fileEncoding = 4; lastKnownFileType = sourcecode.c.h; path = AppUtils.h; sourceTree = "<group>"; };
		70D255EC25E0C75600184418 /* UIViewController+DismissKeyboard.m */ = {isa = PBXFileReference; fileEncoding = 4; lastKnownFileType = sourcecode.c.objc; path = "UIViewController+DismissKeyboard.m"; sourceTree = "<group>"; };
		70D255ED25E0C75600184418 /* NSDateFormatter+Category.m */ = {isa = PBXFileReference; fileEncoding = 4; lastKnownFileType = sourcecode.c.objc; path = "NSDateFormatter+Category.m"; sourceTree = "<group>"; };
		70D255EE25E0C75600184418 /* EaseChineseToPinyin.h */ = {isa = PBXFileReference; fileEncoding = 4; lastKnownFileType = sourcecode.c.h; path = EaseChineseToPinyin.h; sourceTree = "<group>"; };
		70D255EF25E0C75600184418 /* EaseConvertToCommonEmoticonsHelper.h */ = {isa = PBXFileReference; fileEncoding = 4; lastKnownFileType = sourcecode.c.h; path = EaseConvertToCommonEmoticonsHelper.h; sourceTree = "<group>"; };
		70D255F025E0C75600184418 /* UIView+Extension.m */ = {isa = PBXFileReference; fileEncoding = 4; lastKnownFileType = sourcecode.c.objc; path = "UIView+Extension.m"; sourceTree = "<group>"; };
		70D255F325E0C75600184418 /* YYImage.h */ = {isa = PBXFileReference; fileEncoding = 4; lastKnownFileType = sourcecode.c.h; path = YYImage.h; sourceTree = "<group>"; };
		70D255F425E0C75600184418 /* YYImageCoder.h */ = {isa = PBXFileReference; fileEncoding = 4; lastKnownFileType = sourcecode.c.h; path = YYImageCoder.h; sourceTree = "<group>"; };
		70D255F525E0C75600184418 /* YYFrameImage.h */ = {isa = PBXFileReference; fileEncoding = 4; lastKnownFileType = sourcecode.c.h; path = YYFrameImage.h; sourceTree = "<group>"; };
		70D255F625E0C75600184418 /* YYSpriteSheetImage.m */ = {isa = PBXFileReference; fileEncoding = 4; lastKnownFileType = sourcecode.c.objc; path = YYSpriteSheetImage.m; sourceTree = "<group>"; };
		70D255F725E0C75600184418 /* YYAnimatedImageView.h */ = {isa = PBXFileReference; fileEncoding = 4; lastKnownFileType = sourcecode.c.h; path = YYAnimatedImageView.h; sourceTree = "<group>"; };
		70D255F825E0C75600184418 /* YYImage.m */ = {isa = PBXFileReference; fileEncoding = 4; lastKnownFileType = sourcecode.c.objc; path = YYImage.m; sourceTree = "<group>"; };
		70D255F925E0C75600184418 /* YYImageCoder.m */ = {isa = PBXFileReference; fileEncoding = 4; lastKnownFileType = sourcecode.c.objc; path = YYImageCoder.m; sourceTree = "<group>"; };
		70D255FA25E0C75600184418 /* YYFrameImage.m */ = {isa = PBXFileReference; fileEncoding = 4; lastKnownFileType = sourcecode.c.objc; path = YYFrameImage.m; sourceTree = "<group>"; };
		70D255FB25E0C75600184418 /* YYAnimatedImageView.m */ = {isa = PBXFileReference; fileEncoding = 4; lastKnownFileType = sourcecode.c.objc; path = YYAnimatedImageView.m; sourceTree = "<group>"; };
		70D255FC25E0C75600184418 /* YYSpriteSheetImage.h */ = {isa = PBXFileReference; fileEncoding = 4; lastKnownFileType = sourcecode.c.h; path = YYSpriteSheetImage.h; sourceTree = "<group>"; };
		70D255FD25E0C75600184418 /* YYImage.podspec */ = {isa = PBXFileReference; fileEncoding = 4; lastKnownFileType = text; path = YYImage.podspec; sourceTree = "<group>"; };
		70D2560125E0C75600184418 /* WebP.framework */ = {isa = PBXFileReference; lastKnownFileType = wrapper.framework; path = WebP.framework; sourceTree = "<group>"; };
		70D2560225E0C75600184418 /* WebP.sh */ = {isa = PBXFileReference; fileEncoding = 4; lastKnownFileType = text.script.sh; path = WebP.sh; sourceTree = "<group>"; };
		736DBAF7C90DB53FA7FEBCB5 /* Pods-UtilsDemo.debug.xcconfig */ = {isa = PBXFileReference; includeInIndex = 1; lastKnownFileType = text.xcconfig; name = "Pods-UtilsDemo.debug.xcconfig"; path = "Target Support Files/Pods-UtilsDemo/Pods-UtilsDemo.debug.xcconfig"; sourceTree = "<group>"; };
		768E86545A5E15CEAE7BDFC9 /* Pods_UtilsDemo.framework */ = {isa = PBXFileReference; explicitFileType = wrapper.framework; includeInIndex = 0; path = Pods_UtilsDemo.framework; sourceTree = BUILT_PRODUCTS_DIR; };
/* End PBXFileReference section */

/* Begin PBXFrameworksBuildPhase section */
		4EBFACB41D43764B0047DCC5 /* Frameworks */ = {
			isa = PBXFrameworksBuildPhase;
			buildActionMask = 2147483647;
			files = (
				70D2567B25E0C75600184418 /* WebP.framework in Frameworks */,
				F872077E549F62A860DF2DA5 /* Pods_UtilsDemo.framework in Frameworks */,
			);
			runOnlyForDeploymentPostprocessing = 0;
		};
/* End PBXFrameworksBuildPhase section */

/* Begin PBXGroup section */
		449FC2AB3493799BDE2C9857 /* Pods */ = {
			isa = PBXGroup;
			children = (
				736DBAF7C90DB53FA7FEBCB5 /* Pods-UtilsDemo.debug.xcconfig */,
				284D4BBC6173F19BE2F51A6F /* Pods-UtilsDemo.release.xcconfig */,
			);
			path = Pods;
			sourceTree = "<group>";
		};
		4EBFACAE1D43764B0047DCC5 = {
			isa = PBXGroup;
			children = (
				4EBFACB91D43764B0047DCC5 /* UtilsDemo */,
				4EBFACB81D43764B0047DCC5 /* Products */,
				449FC2AB3493799BDE2C9857 /* Pods */,
				F12FE119FCF7267977891FDC /* Frameworks */,
			);
			sourceTree = "<group>";
		};
		4EBFACB81D43764B0047DCC5 /* Products */ = {
			isa = PBXGroup;
			children = (
				4EBFACB71D43764B0047DCC5 /* UtilsDemo.app */,
			);
			name = Products;
			sourceTree = "<group>";
		};
		4EBFACB91D43764B0047DCC5 /* UtilsDemo */ = {
			isa = PBXGroup;
			children = (
				70D255CD25E0C75500184418 /* WBSUtils */,
				4EBFACC01D43764B0047DCC5 /* ViewController.h */,
				4EBFACC11D43764B0047DCC5 /* ViewController.m */,
				4EBFACC31D43764B0047DCC5 /* Main.storyboard */,
				4EBFACBA1D43764B0047DCC5 /* Supporting Files */,
			);
			path = UtilsDemo;
			sourceTree = "<group>";
		};
		4EBFACBA1D43764B0047DCC5 /* Supporting Files */ = {
			isa = PBXGroup;
			children = (
				4EBFACBD1D43764B0047DCC5 /* AppDelegate.h */,
				4EBFACBE1D43764B0047DCC5 /* AppDelegate.m */,
				4EBFACBB1D43764B0047DCC5 /* main.m */,
				4EBFACC61D43764B0047DCC5 /* Assets.xcassets */,
				4EBFACC81D43764B0047DCC5 /* LaunchScreen.storyboard */,
				4EBFACCB1D43764B0047DCC5 /* Info.plist */,
				4EBFACD21D4376F30047DCC5 /* PrefixHeader.pch */,
			);
			name = "Supporting Files";
			sourceTree = "<group>";
		};
		70D255CD25E0C75500184418 /* WBSUtils */ = {
			isa = PBXGroup;
			children = (
				70D255CE25E0C75500184418 /* Core */,
				70D255F125E0C75600184418 /* YYImage-master */,
			);
			name = WBSUtils;
			path = ../../WBSUtils;
			sourceTree = "<group>";
		};
		70D255CE25E0C75500184418 /* Core */ = {
			isa = PBXGroup;
			children = (
				70D255CF25E0C75600184418 /* UIViewController+DismissKeyboard.h */,
				70D255D025E0C75600184418 /* AppUtils.m */,
				70D255D125E0C75600184418 /* WBSHardware.m */,
				70D255D225E0C75600184418 /* NSString+Valid.m */,
				70D255D325E0C75600184418 /* NSDateFormatter+Category.h */,
				70D255D425E0C75600184418 /* UIView+Extension.h */,
				70D255D525E0C75600184418 /* EaseConvertToCommonEmoticonsHelper.m */,
				70D255D625E0C75600184418 /* EaseChineseToPinyin.m */,
				70D255D725E0C75600184418 /* Emoji */,
				70D255E025E0C75600184418 /* SVProgressHUD */,
				70D255E925E0C75600184418 /* NSString+Valid.h */,
				70D255EA25E0C75600184418 /* WBSHardware.h */,
				70D255EB25E0C75600184418 /* AppUtils.h */,
				70D255EC25E0C75600184418 /* UIViewController+DismissKeyboard.m */,
				70D255ED25E0C75600184418 /* NSDateFormatter+Category.m */,
				70D255EE25E0C75600184418 /* EaseChineseToPinyin.h */,
				70D255EF25E0C75600184418 /* EaseConvertToCommonEmoticonsHelper.h */,
				70D255F025E0C75600184418 /* UIView+Extension.m */,
			);
			path = Core;
			sourceTree = "<group>";
		};
		70D255D725E0C75600184418 /* Emoji */ = {
			isa = PBXGroup;
			children = (
				70D255D825E0C75600184418 /* EaseEmojiEmoticons.h */,
				70D255D925E0C75600184418 /* EaseEmotionEscape.h */,
				70D255DA25E0C75600184418 /* EaseEmotionManager.h */,
				70D255DB25E0C75600184418 /* EaseEmoji.m */,
				70D255DC25E0C75600184418 /* EaseEmotionEscape.m */,
				70D255DD25E0C75600184418 /* EaseEmojiEmoticons.m */,
				70D255DE25E0C75600184418 /* EaseEmoji.h */,
				70D255DF25E0C75600184418 /* EaseEmotionManager.m */,
			);
			path = Emoji;
			sourceTree = "<group>";
		};
		70D255E025E0C75600184418 /* SVProgressHUD */ = {
			isa = PBXGroup;
			children = (
				70D255E125E0C75600184418 /* SVRadialGradientLayer.m */,
				70D255E225E0C75600184418 /* SVIndefiniteAnimatedView.h */,
				70D255E325E0C75600184418 /* SVProgressHUD.h */,
				70D255E425E0C75600184418 /* SVProgressHUD-Prefix.pch */,
				70D255E525E0C75600184418 /* SVRadialGradientLayer.h */,
				70D255E625E0C75600184418 /* SVProgressHUD.m */,
				70D255E725E0C75600184418 /* SVIndefiniteAnimatedView.m */,
				70D255E825E0C75600184418 /* SVProgressHUD.bundle */,
			);
			path = SVProgressHUD;
			sourceTree = "<group>";
		};
		70D255F125E0C75600184418 /* YYImage-master */ = {
			isa = PBXGroup;
			children = (
				70D255F225E0C75600184418 /* YYImage */,
				70D2560025E0C75600184418 /* Vendor */,
				70D255FD25E0C75600184418 /* YYImage.podspec */,
			);
			path = "YYImage-master";
			sourceTree = "<group>";
		};
		70D255F225E0C75600184418 /* YYImage */ = {
			isa = PBXGroup;
			children = (
				70D255F325E0C75600184418 /* YYImage.h */,
				70D255F425E0C75600184418 /* YYImageCoder.h */,
				70D255F525E0C75600184418 /* YYFrameImage.h */,
				70D255F625E0C75600184418 /* YYSpriteSheetImage.m */,
				70D255F725E0C75600184418 /* YYAnimatedImageView.h */,
				70D255F825E0C75600184418 /* YYImage.m */,
				70D255F925E0C75600184418 /* YYImageCoder.m */,
				70D255FA25E0C75600184418 /* YYFrameImage.m */,
				70D255FB25E0C75600184418 /* YYAnimatedImageView.m */,
				70D255FC25E0C75600184418 /* YYSpriteSheetImage.h */,
			);
			path = YYImage;
			sourceTree = "<group>";
		};
		70D2560025E0C75600184418 /* Vendor */ = {
			isa = PBXGroup;
			children = (
				70D2560125E0C75600184418 /* WebP.framework */,
				70D2560225E0C75600184418 /* WebP.sh */,
			);
			path = Vendor;
			sourceTree = "<group>";
		};
		F12FE119FCF7267977891FDC /* Frameworks */ = {
			isa = PBXGroup;
			children = (
				768E86545A5E15CEAE7BDFC9 /* Pods_UtilsDemo.framework */,
			);
			name = Frameworks;
			sourceTree = "<group>";
		};
/* End PBXGroup section */

/* Begin PBXNativeTarget section */
		4EBFACB61D43764B0047DCC5 /* UtilsDemo */ = {
			isa = PBXNativeTarget;
			buildConfigurationList = 4EBFACCE1D43764B0047DCC5 /* Build configuration list for PBXNativeTarget "UtilsDemo" */;
			buildPhases = (
				E1837E01334147A5EC5DDA24 /* [CP] Check Pods Manifest.lock */,
				4EBFACB31D43764B0047DCC5 /* Sources */,
				4EBFACB41D43764B0047DCC5 /* Frameworks */,
				4EBFACB51D43764B0047DCC5 /* Resources */,
				E9DE6B93C2B628BBB658D0C8 /* [CP] Embed Pods Frameworks */,
			);
			buildRules = (
			);
			dependencies = (
			);
			name = UtilsDemo;
			productName = WBSUtilsDemo;
			productReference = 4EBFACB71D43764B0047DCC5 /* UtilsDemo.app */;
			productType = "com.apple.product-type.application";
		};
/* End PBXNativeTarget section */

/* Begin PBXProject section */
		4EBFACAF1D43764B0047DCC5 /* Project object */ = {
			isa = PBXProject;
			attributes = {
				LastUpgradeCheck = 0720;
				ORGANIZATIONNAME = Weberson;
				TargetAttributes = {
					4EBFACB61D43764B0047DCC5 = {
						CreatedOnToolsVersion = 7.2.1;
						DevelopmentTeam = 6XB2PBHRRB;
					};
				};
			};
			buildConfigurationList = 4EBFACB21D43764B0047DCC5 /* Build configuration list for PBXProject "UtilsDemo" */;
			compatibilityVersion = "Xcode 3.2";
			developmentRegion = English;
			hasScannedForEncodings = 0;
			knownRegions = (
				English,
				en,
				Base,
			);
			mainGroup = 4EBFACAE1D43764B0047DCC5;
			productRefGroup = 4EBFACB81D43764B0047DCC5 /* Products */;
			projectDirPath = "";
			projectRoot = "";
			targets = (
				4EBFACB61D43764B0047DCC5 /* UtilsDemo */,
			);
		};
/* End PBXProject section */

/* Begin PBXResourcesBuildPhase section */
		4EBFACB51D43764B0047DCC5 /* Resources */ = {
			isa = PBXResourcesBuildPhase;
			buildActionMask = 2147483647;
			files = (
				4EBFACCA1D43764B0047DCC5 /* LaunchScreen.storyboard in Resources */,
				4EBFACC71D43764B0047DCC5 /* Assets.xcassets in Resources */,
				4EBFACC51D43764B0047DCC5 /* Main.storyboard in Resources */,
				70D2567825E0C75600184418 /* YYImage.podspec in Resources */,
				70D2567C25E0C75600184418 /* WebP.sh in Resources */,
				70D2566F25E0C75600184418 /* SVProgressHUD.bundle in Resources */,
			);
			runOnlyForDeploymentPostprocessing = 0;
		};
/* End PBXResourcesBuildPhase section */

/* Begin PBXShellScriptBuildPhase section */
		E1837E01334147A5EC5DDA24 /* [CP] Check Pods Manifest.lock */ = {
			isa = PBXShellScriptBuildPhase;
			buildActionMask = 2147483647;
			files = (
			);
			inputFileListPaths = (
			);
			inputPaths = (
				"${PODS_PODFILE_DIR_PATH}/Podfile.lock",
				"${PODS_ROOT}/Manifest.lock",
			);
			name = "[CP] Check Pods Manifest.lock";
			outputFileListPaths = (
			);
			outputPaths = (
				"$(DERIVED_FILE_DIR)/Pods-UtilsDemo-checkManifestLockResult.txt",
			);
			runOnlyForDeploymentPostprocessing = 0;
			shellPath = /bin/sh;
			shellScript = "diff \"${PODS_PODFILE_DIR_PATH}/Podfile.lock\" \"${PODS_ROOT}/Manifest.lock\" > /dev/null\nif [ $? != 0 ] ; then\n    # print error to STDERR\n    echo \"error: The sandbox is not in sync with the Podfile.lock. Run 'pod install' or update your CocoaPods installation.\" >&2\n    exit 1\nfi\n# This output is used by Xcode 'outputs' to avoid re-running this script phase.\necho \"SUCCESS\" > \"${SCRIPT_OUTPUT_FILE_0}\"\n";
			showEnvVarsInLog = 0;
		};
		E9DE6B93C2B628BBB658D0C8 /* [CP] Embed Pods Frameworks */ = {
			isa = PBXShellScriptBuildPhase;
			buildActionMask = 2147483647;
			files = (
			);
			inputPaths = (
				"${PODS_ROOT}/Target Support Files/Pods-UtilsDemo/Pods-UtilsDemo-frameworks.sh",
				"${BUILT_PRODUCTS_DIR}/YYImage/YYImage.framework",
			);
			name = "[CP] Embed Pods Frameworks";
			outputPaths = (
				"${TARGET_BUILD_DIR}/${FRAMEWORKS_FOLDER_PATH}/YYImage.framework",
			);
			runOnlyForDeploymentPostprocessing = 0;
			shellPath = /bin/sh;
			shellScript = "\"${PODS_ROOT}/Target Support Files/Pods-UtilsDemo/Pods-UtilsDemo-frameworks.sh\"\n";
			showEnvVarsInLog = 0;
		};
/* End PBXShellScriptBuildPhase section */

/* Begin PBXSourcesBuildPhase section */
		4EBFACB31D43764B0047DCC5 /* Sources */ = {
			isa = PBXSourcesBuildPhase;
			buildActionMask = 2147483647;
			files = (
				70D2567225E0C75600184418 /* UIView+Extension.m in Sources */,
				4EBFACC21D43764B0047DCC5 /* ViewController.m in Sources */,
				4EBFACBF1D43764B0047DCC5 /* AppDelegate.m in Sources */,
				70D2567725E0C75600184418 /* YYAnimatedImageView.m in Sources */,
				4EBFACBC1D43764B0047DCC5 /* main.m in Sources */,
				70D2566D25E0C75600184418 /* SVProgressHUD.m in Sources */,
				70D2567325E0C75600184418 /* YYSpriteSheetImage.m in Sources */,
				70D2566B25E0C75600184418 /* EaseEmotionManager.m in Sources */,
				70D2566E25E0C75600184418 /* SVIndefiniteAnimatedView.m in Sources */,
				70D2566425E0C75600184418 /* WBSHardware.m in Sources */,
				70D2567425E0C75600184418 /* YYImage.m in Sources */,
				70D2566525E0C75600184418 /* NSString+Valid.m in Sources */,
				70D2566825E0C75600184418 /* EaseEmoji.m in Sources */,
				70D2567525E0C75600184418 /* YYImageCoder.m in Sources */,
				70D2566925E0C75600184418 /* EaseEmotionEscape.m in Sources */,
				70D2567025E0C75600184418 /* UIViewController+DismissKeyboard.m in Sources */,
				70D2567125E0C75600184418 /* NSDateFormatter+Category.m in Sources */,
				70D2566625E0C75600184418 /* EaseConvertToCommonEmoticonsHelper.m in Sources */,
				70D2566C25E0C75600184418 /* SVRadialGradientLayer.m in Sources */,
				70D2566325E0C75600184418 /* AppUtils.m in Sources */,
				70D2567625E0C75600184418 /* YYFrameImage.m in Sources */,
				70D2566725E0C75600184418 /* EaseChineseToPinyin.m in Sources */,
				70D2566A25E0C75600184418 /* EaseEmojiEmoticons.m in Sources */,
			);
			runOnlyForDeploymentPostprocessing = 0;
		};
/* End PBXSourcesBuildPhase section */

/* Begin PBXVariantGroup section */
		4EBFACC31D43764B0047DCC5 /* Main.storyboard */ = {
			isa = PBXVariantGroup;
			children = (
				4EBFACC41D43764B0047DCC5 /* Base */,
			);
			name = Main.storyboard;
			sourceTree = "<group>";
		};
		4EBFACC81D43764B0047DCC5 /* LaunchScreen.storyboard */ = {
			isa = PBXVariantGroup;
			children = (
				4EBFACC91D43764B0047DCC5 /* Base */,
			);
			name = LaunchScreen.storyboard;
			sourceTree = "<group>";
		};
/* End PBXVariantGroup section */

/* Begin XCBuildConfiguration section */
		4EBFACCC1D43764B0047DCC5 /* Debug */ = {
			isa = XCBuildConfiguration;
			buildSettings = {
				ALWAYS_SEARCH_USER_PATHS = NO;
				CLANG_CXX_LANGUAGE_STANDARD = "gnu++0x";
				CLANG_CXX_LIBRARY = "libc++";
				CLANG_ENABLE_MODULES = YES;
				CLANG_ENABLE_OBJC_ARC = YES;
				CLANG_WARN_BOOL_CONVERSION = YES;
				CLANG_WARN_CONSTANT_CONVERSION = YES;
				CLANG_WARN_DIRECT_OBJC_ISA_USAGE = YES_ERROR;
				CLANG_WARN_EMPTY_BODY = YES;
				CLANG_WARN_ENUM_CONVERSION = YES;
				CLANG_WARN_INT_CONVERSION = YES;
				CLANG_WARN_OBJC_ROOT_CLASS = YES_ERROR;
				CLANG_WARN_UNREACHABLE_CODE = YES;
				CLANG_WARN__DUPLICATE_METHOD_MATCH = YES;
				"CODE_SIGN_IDENTITY[sdk=iphoneos*]" = "iPhone Developer";
				COPY_PHASE_STRIP = NO;
				DEBUG_INFORMATION_FORMAT = dwarf;
				ENABLE_STRICT_OBJC_MSGSEND = YES;
				ENABLE_TESTABILITY = YES;
				GCC_C_LANGUAGE_STANDARD = gnu99;
				GCC_DYNAMIC_NO_PIC = NO;
				GCC_NO_COMMON_BLOCKS = YES;
				GCC_OPTIMIZATION_LEVEL = 0;
				GCC_PREPROCESSOR_DEFINITIONS = (
					"DEBUG=1",
					"$(inherited)",
				);
				GCC_WARN_64_TO_32_BIT_CONVERSION = YES;
				GCC_WARN_ABOUT_RETURN_TYPE = YES_ERROR;
				GCC_WARN_UNDECLARED_SELECTOR = YES;
				GCC_WARN_UNINITIALIZED_AUTOS = YES_AGGRESSIVE;
				GCC_WARN_UNUSED_FUNCTION = YES;
				GCC_WARN_UNUSED_VARIABLE = YES;
				IPHONEOS_DEPLOYMENT_TARGET = 9.2;
				MTL_ENABLE_DEBUG_INFO = YES;
				ONLY_ACTIVE_ARCH = YES;
				SDKROOT = iphoneos;
			};
			name = Debug;
		};
		4EBFACCD1D43764B0047DCC5 /* Release */ = {
			isa = XCBuildConfiguration;
			buildSettings = {
				ALWAYS_SEARCH_USER_PATHS = NO;
				CLANG_CXX_LANGUAGE_STANDARD = "gnu++0x";
				CLANG_CXX_LIBRARY = "libc++";
				CLANG_ENABLE_MODULES = YES;
				CLANG_ENABLE_OBJC_ARC = YES;
				CLANG_WARN_BOOL_CONVERSION = YES;
				CLANG_WARN_CONSTANT_CONVERSION = YES;
				CLANG_WARN_DIRECT_OBJC_ISA_USAGE = YES_ERROR;
				CLANG_WARN_EMPTY_BODY = YES;
				CLANG_WARN_ENUM_CONVERSION = YES;
				CLANG_WARN_INT_CONVERSION = YES;
				CLANG_WARN_OBJC_ROOT_CLASS = YES_ERROR;
				CLANG_WARN_UNREACHABLE_CODE = YES;
				CLANG_WARN__DUPLICATE_METHOD_MATCH = YES;
				"CODE_SIGN_IDENTITY[sdk=iphoneos*]" = "iPhone Developer";
				COPY_PHASE_STRIP = NO;
				DEBUG_INFORMATION_FORMAT = "dwarf-with-dsym";
				ENABLE_NS_ASSERTIONS = NO;
				ENABLE_STRICT_OBJC_MSGSEND = YES;
				GCC_C_LANGUAGE_STANDARD = gnu99;
				GCC_NO_COMMON_BLOCKS = YES;
				GCC_WARN_64_TO_32_BIT_CONVERSION = YES;
				GCC_WARN_ABOUT_RETURN_TYPE = YES_ERROR;
				GCC_WARN_UNDECLARED_SELECTOR = YES;
				GCC_WARN_UNINITIALIZED_AUTOS = YES_AGGRESSIVE;
				GCC_WARN_UNUSED_FUNCTION = YES;
				GCC_WARN_UNUSED_VARIABLE = YES;
				IPHONEOS_DEPLOYMENT_TARGET = 9.2;
				MTL_ENABLE_DEBUG_INFO = NO;
				SDKROOT = iphoneos;
				VALIDATE_PRODUCT = YES;
			};
			name = Release;
		};
		4EBFACCF1D43764B0047DCC5 /* Debug */ = {
			isa = XCBuildConfiguration;
			baseConfigurationReference = 736DBAF7C90DB53FA7FEBCB5 /* Pods-UtilsDemo.debug.xcconfig */;
			buildSettings = {
				ASSETCATALOG_COMPILER_APPICON_NAME = AppIcon;
				DEVELOPMENT_TEAM = 6XB2PBHRRB;
				GCC_PRECOMPILE_PREFIX_HEADER = NO;
				GCC_PREFIX_HEADER = ./UtilsDemo/PrefixHeader.pch;
				INFOPLIST_FILE = UtilsDemo/Info.plist;
				LD_RUNPATH_SEARCH_PATHS = "$(inherited) @executable_path/Frameworks";
				PRODUCT_BUNDLE_IDENTIFIER = com.516680.www;
				PRODUCT_NAME = "$(TARGET_NAME)";
			};
			name = Debug;
		};
		4EBFACD01D43764B0047DCC5 /* Release */ = {
			isa = XCBuildConfiguration;
			baseConfigurationReference = 284D4BBC6173F19BE2F51A6F /* Pods-UtilsDemo.release.xcconfig */;
			buildSettings = {
				ASSETCATALOG_COMPILER_APPICON_NAME = AppIcon;
				DEVELOPMENT_TEAM = 6XB2PBHRRB;
				GCC_PRECOMPILE_PREFIX_HEADER = NO;
				GCC_PREFIX_HEADER = ./UtilsDemo/PrefixHeader.pch;
				INFOPLIST_FILE = UtilsDemo/Info.plist;
				LD_RUNPATH_SEARCH_PATHS = "$(inherited) @executable_path/Frameworks";
				PRODUCT_BUNDLE_IDENTIFIER = com.516680.www;
				PRODUCT_NAME = "$(TARGET_NAME)";
			};
			name = Release;
		};
/* End XCBuildConfiguration section */

/* Begin XCConfigurationList section */
		4EBFACB21D43764B0047DCC5 /* Build configuration list for PBXProject "UtilsDemo" */ = {
			isa = XCConfigurationList;
			buildConfigurations = (
				4EBFACCC1D43764B0047DCC5 /* Debug */,
				4EBFACCD1D43764B0047DCC5 /* Release */,
			);
			defaultConfigurationIsVisible = 0;
			defaultConfigurationName = Release;
		};
		4EBFACCE1D43764B0047DCC5 /* Build configuration list for PBXNativeTarget "UtilsDemo" */ = {
			isa = XCConfigurationList;
			buildConfigurations = (
				4EBFACCF1D43764B0047DCC5 /* Debug */,
				4EBFACD01D43764B0047DCC5 /* Release */,
			);
			defaultConfigurationIsVisible = 0;
			defaultConfigurationName = Release;
		};
/* End XCConfigurationList section */
	};
	rootObject = 4EBFACAF1D43764B0047DCC5 /* Project object */;
}
